dependencies:
- name: common
  repository: https://charts.bitnami.com/bitnami
  version: 1.8.0
- name: mysql
  repository: https://charts.bitnami.com/bitnami
  version: 8.8.6
- name: postgresql
  repository: https://charts.bitnami.com/bitnami
  version: 10.9.5
- name: mongodb
  repository: https://charts.bitnami.com/bitnami
  version: 10.25.2
digest: sha256:dfb36e89c9b109969e62d2beb66173562821d8083c51bceb33050c81ef2d9c92
generated: "2021-09-12T10:24:17.464537+08:00"
