dependencies:
- name: common
  repository: https://charts.bitnami.com/bitnami
  version: 1.9.0
- name: mongodb
  repository: https://charts.bitnami.com/bitnami
  version: 10.26.3
digest: sha256:9cc193d1337702e6639f2bec38fad553afcb39fab3f4490284871313f53e3a3a
generated: "2021-09-20T21:00:06.18009+08:00"
